
Microsoft Visual Studio Solution File, Format Version 12.00
# Visual Studio 2012
Project("{FAE04EC0-301F-11D3-BF4B-00C04F79EFBC}") = "tictactoebyparth", "tictactoebyparth\tictactoebyparth.csproj", "{2D082B1E-1485-4630-A652-A0E4241A912C}"
EndProject
Global
	GlobalSection(SolutionConfigurationPlatforms) = preSolution
		Debug|Any CPU = Debug|Any CPU
		Release|Any CPU = Release|Any CPU
	EndGlobalSection
	GlobalSection(ProjectConfigurationPlatforms) = postSolution
		{2D082B1E-1485-4630-A652-A0E4241A912C}.Debug|Any CPU.ActiveCfg = Debug|Any CPU
		{2D082B1E-1485-4630-A652-A0E4241A912C}.Debug|Any CPU.Build.0 = Debug|Any CPU
		{2D082B1E-1485-4630-A652-A0E4241A912C}.Release|Any CPU.ActiveCfg = Release|Any CPU
		{2D082B1E-1485-4630-A652-A0E4241A912C}.Release|Any CPU.Build.0 = Release|Any CPU
	EndGlobalSection
	GlobalSection(SolutionProperties) = preSolution
		HideSolutionNode = FALSE
	EndGlobalSection
EndGlobal
